
Microsoft Visual Studio Solution File, Format Version 12.00
# Visual Studio Version 17
VisualStudioVersion = 17.8.34309.116
MinimumVisualStudioVersion = 10.0.40219.1
Project("{9A19103F-16F7-4668-BE54-9A1E7A4F7556}") = "Template.WebUI", "Template.WebUI\Template.WebUI.csproj", "{A485AAC9-582E-48EE-A80D-6749DCCFC5F5}"
	ProjectSection(ProjectDependencies) = postProject
		{7600FF3F-480F-49A1-A47E-DA3225D3CB3D} = {7600FF3F-480F-49A1-A47E-DA3225D3CB3D}
		{B1477F38-8A3F-40F5-8970-00D694F8706F} = {B1477F38-8A3F-40F5-8970-00D694F8706F}
		{E1BC92C5-DE1D-45AD-BD6D-8696928CD5BF} = {E1BC92C5-DE1D-45AD-BD6D-8696928CD5BF}
	EndProjectSection
EndProject
Project("{2150E333-8FDC-42A3-9474-1A3956D46DE8}") = "Core", "Core", "{064A2683-3F95-41C6-A6FA-0AE9DC7AA0A4}"
EndProject
Project("{2150E333-8FDC-42A3-9474-1A3956D46DE8}") = "Infrastructure", "Infrastructure", "{ADBB7711-B8EF-49EC-B60A-58D15C5CA86F}"
EndProject
Project("{2150E333-8FDC-42A3-9474-1A3956D46DE8}") = "Presentation", "Presentation", "{F6B0B214-00A2-456F-B575-5640F34A38E5}"
EndProject
Project("{9A19103F-16F7-4668-BE54-9A1E7A4F7556}") = "Template.Application", "Template.Application\Template.Application.csproj", "{7600FF3F-480F-49A1-A47E-DA3225D3CB3D}"
	ProjectSection(ProjectDependencies) = postProject
		{C8EBA075-3F55-47B4-B531-64E73A0FF96F} = {C8EBA075-3F55-47B4-B531-64E73A0FF96F}
	EndProjectSection
EndProject
Project("{9A19103F-16F7-4668-BE54-9A1E7A4F7556}") = "Template.Domain", "Template.Domain\Template.Domain.csproj", "{C8EBA075-3F55-47B4-B531-64E73A0FF96F}"
EndProject
Project("{9A19103F-16F7-4668-BE54-9A1E7A4F7556}") = "Template.Infrastructure", "Template.Infrastructure\Template.Infrastructure.csproj", "{E1BC92C5-DE1D-45AD-BD6D-8696928CD5BF}"
	ProjectSection(ProjectDependencies) = postProject
		{7600FF3F-480F-49A1-A47E-DA3225D3CB3D} = {7600FF3F-480F-49A1-A47E-DA3225D3CB3D}
		{B1477F38-8A3F-40F5-8970-00D694F8706F} = {B1477F38-8A3F-40F5-8970-00D694F8706F}
	EndProjectSection
EndProject
Project("{9A19103F-16F7-4668-BE54-9A1E7A4F7556}") = "Template.Persistence", "Template.Persistence\Template.Persistence.csproj", "{B1477F38-8A3F-40F5-8970-00D694F8706F}"
	ProjectSection(ProjectDependencies) = postProject
		{7600FF3F-480F-49A1-A47E-DA3225D3CB3D} = {7600FF3F-480F-49A1-A47E-DA3225D3CB3D}
		{C8EBA075-3F55-47B4-B531-64E73A0FF96F} = {C8EBA075-3F55-47B4-B531-64E73A0FF96F}
	EndProjectSection
EndProject
Global
	GlobalSection(SolutionConfigurationPlatforms) = preSolution
		Debug|Any CPU = Debug|Any CPU
		Release|Any CPU = Release|Any CPU
	EndGlobalSection
	GlobalSection(ProjectConfigurationPlatforms) = postSolution
		{A485AAC9-582E-48EE-A80D-6749DCCFC5F5}.Debug|Any CPU.ActiveCfg = Debug|Any CPU
		{A485AAC9-582E-48EE-A80D-6749DCCFC5F5}.Debug|Any CPU.Build.0 = Debug|Any CPU
		{A485AAC9-582E-48EE-A80D-6749DCCFC5F5}.Release|Any CPU.ActiveCfg = Release|Any CPU
		{A485AAC9-582E-48EE-A80D-6749DCCFC5F5}.Release|Any CPU.Build.0 = Release|Any CPU
		{7600FF3F-480F-49A1-A47E-DA3225D3CB3D}.Debug|Any CPU.ActiveCfg = Debug|Any CPU
		{7600FF3F-480F-49A1-A47E-DA3225D3CB3D}.Debug|Any CPU.Build.0 = Debug|Any CPU
		{7600FF3F-480F-49A1-A47E-DA3225D3CB3D}.Release|Any CPU.ActiveCfg = Release|Any CPU
		{7600FF3F-480F-49A1-A47E-DA3225D3CB3D}.Release|Any CPU.Build.0 = Release|Any CPU
		{C8EBA075-3F55-47B4-B531-64E73A0FF96F}.Debug|Any CPU.ActiveCfg = Debug|Any CPU
		{C8EBA075-3F55-47B4-B531-64E73A0FF96F}.Debug|Any CPU.Build.0 = Debug|Any CPU
		{C8EBA075-3F55-47B4-B531-64E73A0FF96F}.Release|Any CPU.ActiveCfg = Release|Any CPU
		{C8EBA075-3F55-47B4-B531-64E73A0FF96F}.Release|Any CPU.Build.0 = Release|Any CPU
		{E1BC92C5-DE1D-45AD-BD6D-8696928CD5BF}.Debug|Any CPU.ActiveCfg = Debug|Any CPU
		{E1BC92C5-DE1D-45AD-BD6D-8696928CD5BF}.Debug|Any CPU.Build.0 = Debug|Any CPU
		{E1BC92C5-DE1D-45AD-BD6D-8696928CD5BF}.Release|Any CPU.ActiveCfg = Release|Any CPU
		{E1BC92C5-DE1D-45AD-BD6D-8696928CD5BF}.Release|Any CPU.Build.0 = Release|Any CPU
		{B1477F38-8A3F-40F5-8970-00D694F8706F}.Debug|Any CPU.ActiveCfg = Debug|Any CPU
		{B1477F38-8A3F-40F5-8970-00D694F8706F}.Debug|Any CPU.Build.0 = Debug|Any CPU
		{B1477F38-8A3F-40F5-8970-00D694F8706F}.Release|Any CPU.ActiveCfg = Release|Any CPU
		{B1477F38-8A3F-40F5-8970-00D694F8706F}.Release|Any CPU.Build.0 = Release|Any CPU
	EndGlobalSection
	GlobalSection(SolutionProperties) = preSolution
		HideSolutionNode = FALSE
	EndGlobalSection
	GlobalSection(NestedProjects) = preSolution
		{A485AAC9-582E-48EE-A80D-6749DCCFC5F5} = {F6B0B214-00A2-456F-B575-5640F34A38E5}
		{7600FF3F-480F-49A1-A47E-DA3225D3CB3D} = {064A2683-3F95-41C6-A6FA-0AE9DC7AA0A4}
		{C8EBA075-3F55-47B4-B531-64E73A0FF96F} = {064A2683-3F95-41C6-A6FA-0AE9DC7AA0A4}
		{E1BC92C5-DE1D-45AD-BD6D-8696928CD5BF} = {ADBB7711-B8EF-49EC-B60A-58D15C5CA86F}
		{B1477F38-8A3F-40F5-8970-00D694F8706F} = {ADBB7711-B8EF-49EC-B60A-58D15C5CA86F}
	EndGlobalSection
	GlobalSection(ExtensibilityGlobals) = postSolution
		SolutionGuid = {579EE054-AE0C-4EC8-A039-59992CB4F117}
	EndGlobalSection
EndGlobal
